// !$*UTF8*$!
{
	archiveVersion = 1;
	classes = {
	};
	objectVersion = 56;
	objects = {

/* Begin PBXBuildFile section */
		C70163532A377A7C001C119C /* OnboardingView.swift in Sources */ = {isa = PBXBuildFile; fileRef = C70163522A377A7C001C119C /* OnboardingView.swift */; };
		C70163582A37ACD5001C119C /* LoginView.swift in Sources */ = {isa = PBXBuildFile; fileRef = C70163572A37ACD5001C119C /* LoginView.swift */; };
		C72A26EE2A52B9800013DB02 /* ValidityAndError.swift in Sources */ = {isa = PBXBuildFile; fileRef = C72A26ED2A52B9800013DB02 /* ValidityAndError.swift */; };
		C7344CF02A3FA4A100E9B08E /* AuthenticationAPIService.swift in Sources */ = {isa = PBXBuildFile; fileRef = C7344CEF2A3FA4A100E9B08E /* AuthenticationAPIService.swift */; };
		C73802002A7C95C500FC25A5 /* ProfileUpdatePasswordViewModel.swift in Sources */ = {isa = PBXBuildFile; fileRef = C73801FF2A7C95C500FC25A5 /* ProfileUpdatePasswordViewModel.swift */; };
		C73802022A7D46F800FC25A5 /* TapToSeeSecureField.swift in Sources */ = {isa = PBXBuildFile; fileRef = C73802012A7D46F800FC25A5 /* TapToSeeSecureField.swift */; };
		C73802042A7E205A00FC25A5 /* WalletCardGradientColor.swift in Sources */ = {isa = PBXBuildFile; fileRef = C73802032A7E205A00FC25A5 /* WalletCardGradientColor.swift */; };
		C73802062A7E5C1000FC25A5 /* WalletCardColorPicker.swift in Sources */ = {isa = PBXBuildFile; fileRef = C73802052A7E5C1000FC25A5 /* WalletCardColorPicker.swift */; };
		C73802082A7E5D2B00FC25A5 /* WalletCardColorView.swift in Sources */ = {isa = PBXBuildFile; fileRef = C73802072A7E5D2B00FC25A5 /* WalletCardColorView.swift */; };
		C738020A2A7EB6AD00FC25A5 /* WalletViewModel.swift in Sources */ = {isa = PBXBuildFile; fileRef = C73802092A7EB6AD00FC25A5 /* WalletViewModel.swift */; };
		C73802102A7EBBCE00FC25A5 /* CommonService.swift in Sources */ = {isa = PBXBuildFile; fileRef = C738020F2A7EBBCE00FC25A5 /* CommonService.swift */; };
		C73802142A7ECFC700FC25A5 /* PaymentView.swift in Sources */ = {isa = PBXBuildFile; fileRef = C73802132A7ECFC700FC25A5 /* PaymentView.swift */; };
		C739FC1D2A5610A700290236 /* LogInService.swift in Sources */ = {isa = PBXBuildFile; fileRef = C739FC1C2A5610A700290236 /* LogInService.swift */; };
		C739FC1F2A56115500290236 /* SignUpService.swift in Sources */ = {isa = PBXBuildFile; fileRef = C739FC1E2A56115500290236 /* SignUpService.swift */; };
		C739FC212A5611D300290236 /* SignUpVerifyService.swift in Sources */ = {isa = PBXBuildFile; fileRef = C739FC202A5611D300290236 /* SignUpVerifyService.swift */; };
		C739FC2A2A56973500290236 /* Storage.swift in Sources */ = {isa = PBXBuildFile; fileRef = C739FC292A56973500290236 /* Storage.swift */; };
		C76432B02A4166EC00750976 /* AlertToast in Frameworks */ = {isa = PBXBuildFile; productRef = C76432AF2A4166EC00750976 /* AlertToast */; };
		C76990442A57399F00DF8116 /* ForgotPasswordService.swift in Sources */ = {isa = PBXBuildFile; fileRef = C76990432A57399F00DF8116 /* ForgotPasswordService.swift */; };
		C76990462A573A4D00DF8116 /* ResetPasswordService.swift in Sources */ = {isa = PBXBuildFile; fileRef = C76990452A573A4D00DF8116 /* ResetPasswordService.swift */; };
		C770D4442A38C701002406CB /* SignUpView.swift in Sources */ = {isa = PBXBuildFile; fileRef = C770D4432A38C701002406CB /* SignUpView.swift */; };
		C770D4472A38C842002406CB /* ForgotPasswordView.swift in Sources */ = {isa = PBXBuildFile; fileRef = C770D4462A38C842002406CB /* ForgotPasswordView.swift */; };
		C770D44C2A38D1F1002406CB /* DashboardView.swift in Sources */ = {isa = PBXBuildFile; fileRef = C770D44B2A38D1F1002406CB /* DashboardView.swift */; };
		C77BF8852A872223002D89E6 /* OromMapViewRepresentable.swift in Sources */ = {isa = PBXBuildFile; fileRef = C77BF8842A872223002D89E6 /* OromMapViewRepresentable.swift */; };
		C77BF8872A87262A002D89E6 /* LocationManager.swift in Sources */ = {isa = PBXBuildFile; fileRef = C77BF8862A87262A002D89E6 /* LocationManager.swift */; };
		C78567602A66F94100A2B355 /* Dashboard API Service.swift in Sources */ = {isa = PBXBuildFile; fileRef = C785675F2A66F94100A2B355 /* Dashboard API Service.swift */; };
		C78567632A66FBE300A2B355 /* MapService.swift in Sources */ = {isa = PBXBuildFile; fileRef = C78567622A66FBE300A2B355 /* MapService.swift */; };
		C79383BA2A3E430800341CAB /* ForgotPasswordViewModel.swift in Sources */ = {isa = PBXBuildFile; fileRef = C79383B92A3E430800341CAB /* ForgotPasswordViewModel.swift */; };
		C79383BC2A3E504D00341CAB /* EmailAddressViewModel.swift in Sources */ = {isa = PBXBuildFile; fileRef = C79383BB2A3E504D00341CAB /* EmailAddressViewModel.swift */; };
		C79383C02A3E515800341CAB /* UpdatePasswordViewModel.swift in Sources */ = {isa = PBXBuildFile; fileRef = C79383BF2A3E515800341CAB /* UpdatePasswordViewModel.swift */; };
		C79B75292A5BBD890047473A /* OromAlert.swift in Sources */ = {isa = PBXBuildFile; fileRef = C79B75282A5BBD890047473A /* OromAlert.swift */; };
		C7A2A5642A3CDD2C00756EFA /* LoginViewModel.swift in Sources */ = {isa = PBXBuildFile; fileRef = C7A2A5632A3CDD2C00756EFA /* LoginViewModel.swift */; };
		C7A2A5662A3CDF6900756EFA /* SignUpViewModel.swift in Sources */ = {isa = PBXBuildFile; fileRef = C7A2A5652A3CDF6900756EFA /* SignUpViewModel.swift */; };
		C7A2A5692A3D9C3600756EFA /* AuthenticationView.swift in Sources */ = {isa = PBXBuildFile; fileRef = C7A2A5682A3D9C3600756EFA /* AuthenticationView.swift */; };
		C7A2A56B2A3D9D3E00756EFA /* AuthenticationViewModel.swift in Sources */ = {isa = PBXBuildFile; fileRef = C7A2A56A2A3D9D3E00756EFA /* AuthenticationViewModel.swift */; };
		C7C7C2242A59056300DE2185 /* LaunchScreen.storyboard in Resources */ = {isa = PBXBuildFile; fileRef = C7C7C2232A59056300DE2185 /* LaunchScreen.storyboard */; };
		C7C7C2272A591C4A00DE2185 /* OromColor.swift in Sources */ = {isa = PBXBuildFile; fileRef = C7C7C2262A591C4A00DE2185 /* OromColor.swift */; };
		C7D39BFB2A616F6000903F57 /* MapView.swift in Sources */ = {isa = PBXBuildFile; fileRef = C7D39BFA2A616F6000903F57 /* MapView.swift */; };
		C7D39BFE2A616F8600903F57 /* MapViewModel.swift in Sources */ = {isa = PBXBuildFile; fileRef = C7D39BFD2A616F8600903F57 /* MapViewModel.swift */; };
		C7D39C032A6180C700903F57 /* ProfileView.swift in Sources */ = {isa = PBXBuildFile; fileRef = C7D39C022A6180C700903F57 /* ProfileView.swift */; };
		C7D39C052A6180F500903F57 /* WalletView.swift in Sources */ = {isa = PBXBuildFile; fileRef = C7D39C042A6180F500903F57 /* WalletView.swift */; };
		C7D39C072A6181CF00903F57 /* DashboardViewModel.swift in Sources */ = {isa = PBXBuildFile; fileRef = C7D39C062A6181CF00903F57 /* DashboardViewModel.swift */; };
		C7D39C0A2A61824F00903F57 /* ScannerView.swift in Sources */ = {isa = PBXBuildFile; fileRef = C7D39C092A61824F00903F57 /* ScannerView.swift */; };
		C7D39C0D2A61853000903F57 /* SettingsView.swift in Sources */ = {isa = PBXBuildFile; fileRef = C7D39C0C2A61853000903F57 /* SettingsView.swift */; };
		C7D39C102A61980500903F57 /* CodeScanner in Frameworks */ = {isa = PBXBuildFile; productRef = C7D39C0F2A61980500903F57 /* CodeScanner */; };
		C7D39C152A61D20A00903F57 /* StartRideView.swift in Sources */ = {isa = PBXBuildFile; fileRef = C7D39C142A61D20A00903F57 /* StartRideView.swift */; };
		C7D39C172A61D64900903F57 /* RidingView.swift in Sources */ = {isa = PBXBuildFile; fileRef = C7D39C162A61D64900903F57 /* RidingView.swift */; };
		C7D39C192A61DE3C00903F57 /* CompletedRideView.swift in Sources */ = {isa = PBXBuildFile; fileRef = C7D39C182A61DE3C00903F57 /* CompletedRideView.swift */; };
		C7DEFD8F2A3A4CF3005F3BBE /* SignUpVerifyOTPView.swift in Sources */ = {isa = PBXBuildFile; fileRef = C7DEFD8E2A3A4CF3005F3BBE /* SignUpVerifyOTPView.swift */; };
		C7DEFD912A3B38DB005F3BBE /* EmailAddressView.swift in Sources */ = {isa = PBXBuildFile; fileRef = C7DEFD902A3B38DB005F3BBE /* EmailAddressView.swift */; };
		C7DEFD952A3B7740005F3BBE /* UpdatePasswordView.swift in Sources */ = {isa = PBXBuildFile; fileRef = C7DEFD942A3B7740005F3BBE /* UpdatePasswordView.swift */; };
		C7E76B4C2A79F65100FE6CA2 /* TripViewModel.swift in Sources */ = {isa = PBXBuildFile; fileRef = C7E76B4B2A79F65100FE6CA2 /* TripViewModel.swift */; };
		C7E76B7E2A7A4AAF00FE6CA2 /* TripService.swift in Sources */ = {isa = PBXBuildFile; fileRef = C7E76B7D2A7A4AAF00FE6CA2 /* TripService.swift */; };
		C7E76B802A7B221000FE6CA2 /* DashboardBaseView.swift in Sources */ = {isa = PBXBuildFile; fileRef = C7E76B7F2A7B221000FE6CA2 /* DashboardBaseView.swift */; };
		C7E76B852A7BF51500FE6CA2 /* ProfileService.swift in Sources */ = {isa = PBXBuildFile; fileRef = C7E76B842A7BF51500FE6CA2 /* ProfileService.swift */; };
		C7E76B872A7BF8DA00FE6CA2 /* ProfileViewModel.swift in Sources */ = {isa = PBXBuildFile; fileRef = C7E76B862A7BF8DA00FE6CA2 /* ProfileViewModel.swift */; };
		C7E76B892A7C3A7D00FE6CA2 /* ProfileUpdateNameView.swift in Sources */ = {isa = PBXBuildFile; fileRef = C7E76B882A7C3A7D00FE6CA2 /* ProfileUpdateNameView.swift */; };
		C7E76B8B2A7C3B0800FE6CA2 /* ProfileUpdatePasswordView.swift in Sources */ = {isa = PBXBuildFile; fileRef = C7E76B8A2A7C3B0800FE6CA2 /* ProfileUpdatePasswordView.swift */; };
		C7EA523F2A3F2855000870DD /* SignUpVerifyOTPViewModel.swift in Sources */ = {isa = PBXBuildFile; fileRef = C7EA523E2A3F2855000870DD /* SignUpVerifyOTPViewModel.swift */; };
		C7ED52572A36692A00F88DC3 /* Orom_CyclesApp.swift in Sources */ = {isa = PBXBuildFile; fileRef = C7ED52562A36692A00F88DC3 /* Orom_CyclesApp.swift */; };
		C7ED52592A36692A00F88DC3 /* ContentView.swift in Sources */ = {isa = PBXBuildFile; fileRef = C7ED52582A36692A00F88DC3 /* ContentView.swift */; };
		C7ED525B2A36692B00F88DC3 /* Assets.xcassets in Resources */ = {isa = PBXBuildFile; fileRef = C7ED525A2A36692B00F88DC3 /* Assets.xcassets */; };
		C7ED525E2A36692B00F88DC3 /* Preview Assets.xcassets in Resources */ = {isa = PBXBuildFile; fileRef = C7ED525D2A36692B00F88DC3 /* Preview Assets.xcassets */; };
		C7ED52662A36746E00F88DC3 /* OnboardingStep.swift in Sources */ = {isa = PBXBuildFile; fileRef = C7ED52652A36746E00F88DC3 /* OnboardingStep.swift */; };
		C7ED526A2A3679CF00F88DC3 /* OnboardingStepView.swift in Sources */ = {isa = PBXBuildFile; fileRef = C7ED52692A3679CF00F88DC3 /* OnboardingStepView.swift */; };
		C7ED526C2A367A7100F88DC3 /* OnboardingProgressView.swift in Sources */ = {isa = PBXBuildFile; fileRef = C7ED526B2A367A7100F88DC3 /* OnboardingProgressView.swift */; };
/* End PBXBuildFile section */

/* Begin PBXFileReference section */
		C70163522A377A7C001C119C /* OnboardingView.swift */ = {isa = PBXFileReference; lastKnownFileType = sourcecode.swift; path = OnboardingView.swift; sourceTree = "<group>"; };
		C70163572A37ACD5001C119C /* LoginView.swift */ = {isa = PBXFileReference; lastKnownFileType = sourcecode.swift; path = LoginView.swift; sourceTree = "<group>"; };
		C72A26ED2A52B9800013DB02 /* ValidityAndError.swift */ = {isa = PBXFileReference; lastKnownFileType = sourcecode.swift; path = ValidityAndError.swift; sourceTree = "<group>"; };
		C7344CEF2A3FA4A100E9B08E /* AuthenticationAPIService.swift */ = {isa = PBXFileReference; lastKnownFileType = sourcecode.swift; path = AuthenticationAPIService.swift; sourceTree = "<group>"; };
		C73801FF2A7C95C500FC25A5 /* ProfileUpdatePasswordViewModel.swift */ = {isa = PBXFileReference; lastKnownFileType = sourcecode.swift; path = ProfileUpdatePasswordViewModel.swift; sourceTree = "<group>"; };
		C73802012A7D46F800FC25A5 /* TapToSeeSecureField.swift */ = {isa = PBXFileReference; lastKnownFileType = sourcecode.swift; path = TapToSeeSecureField.swift; sourceTree = "<group>"; };
		C73802032A7E205A00FC25A5 /* WalletCardGradientColor.swift */ = {isa = PBXFileReference; lastKnownFileType = sourcecode.swift; path = WalletCardGradientColor.swift; sourceTree = "<group>"; };
		C73802052A7E5C1000FC25A5 /* WalletCardColorPicker.swift */ = {isa = PBXFileReference; lastKnownFileType = sourcecode.swift; path = WalletCardColorPicker.swift; sourceTree = "<group>"; };
		C73802072A7E5D2B00FC25A5 /* WalletCardColorView.swift */ = {isa = PBXFileReference; lastKnownFileType = sourcecode.swift; path = WalletCardColorView.swift; sourceTree = "<group>"; };
		C73802092A7EB6AD00FC25A5 /* WalletViewModel.swift */ = {isa = PBXFileReference; lastKnownFileType = sourcecode.swift; path = WalletViewModel.swift; sourceTree = "<group>"; };
		C738020F2A7EBBCE00FC25A5 /* CommonService.swift */ = {isa = PBXFileReference; lastKnownFileType = sourcecode.swift; path = CommonService.swift; sourceTree = "<group>"; };
		C73802132A7ECFC700FC25A5 /* PaymentView.swift */ = {isa = PBXFileReference; lastKnownFileType = sourcecode.swift; path = PaymentView.swift; sourceTree = "<group>"; };
		C738E6242A5511AA00351206 /* Orom-Cycles-Info.plist */ = {isa = PBXFileReference; lastKnownFileType = text.plist; path = "Orom-Cycles-Info.plist"; sourceTree = SOURCE_ROOT; };
		C739FC1C2A5610A700290236 /* LogInService.swift */ = {isa = PBXFileReference; lastKnownFileType = sourcecode.swift; path = LogInService.swift; sourceTree = "<group>"; };
		C739FC1E2A56115500290236 /* SignUpService.swift */ = {isa = PBXFileReference; lastKnownFileType = sourcecode.swift; path = SignUpService.swift; sourceTree = "<group>"; };
		C739FC202A5611D300290236 /* SignUpVerifyService.swift */ = {isa = PBXFileReference; lastKnownFileType = sourcecode.swift; path = SignUpVerifyService.swift; sourceTree = "<group>"; };
		C739FC292A56973500290236 /* Storage.swift */ = {isa = PBXFileReference; lastKnownFileType = sourcecode.swift; path = Storage.swift; sourceTree = "<group>"; };
		C76990432A57399F00DF8116 /* ForgotPasswordService.swift */ = {isa = PBXFileReference; lastKnownFileType = sourcecode.swift; path = ForgotPasswordService.swift; sourceTree = "<group>"; };
		C76990452A573A4D00DF8116 /* ResetPasswordService.swift */ = {isa = PBXFileReference; lastKnownFileType = sourcecode.swift; path = ResetPasswordService.swift; sourceTree = "<group>"; };
		C770D4432A38C701002406CB /* SignUpView.swift */ = {isa = PBXFileReference; lastKnownFileType = sourcecode.swift; path = SignUpView.swift; sourceTree = "<group>"; };
		C770D4462A38C842002406CB /* ForgotPasswordView.swift */ = {isa = PBXFileReference; lastKnownFileType = sourcecode.swift; path = ForgotPasswordView.swift; sourceTree = "<group>"; };
		C770D44B2A38D1F1002406CB /* DashboardView.swift */ = {isa = PBXFileReference; lastKnownFileType = sourcecode.swift; path = DashboardView.swift; sourceTree = "<group>"; };
		C77BF8842A872223002D89E6 /* OromMapViewRepresentable.swift */ = {isa = PBXFileReference; lastKnownFileType = sourcecode.swift; path = OromMapViewRepresentable.swift; sourceTree = "<group>"; };
		C77BF8862A87262A002D89E6 /* LocationManager.swift */ = {isa = PBXFileReference; lastKnownFileType = sourcecode.swift; path = LocationManager.swift; sourceTree = "<group>"; };
		C785675F2A66F94100A2B355 /* Dashboard API Service.swift */ = {isa = PBXFileReference; lastKnownFileType = sourcecode.swift; path = "Dashboard API Service.swift"; sourceTree = "<group>"; };
		C78567622A66FBE300A2B355 /* MapService.swift */ = {isa = PBXFileReference; lastKnownFileType = sourcecode.swift; path = MapService.swift; sourceTree = "<group>"; };
		C79383B92A3E430800341CAB /* ForgotPasswordViewModel.swift */ = {isa = PBXFileReference; lastKnownFileType = sourcecode.swift; path = ForgotPasswordViewModel.swift; sourceTree = "<group>"; };
		C79383BB2A3E504D00341CAB /* EmailAddressViewModel.swift */ = {isa = PBXFileReference; lastKnownFileType = sourcecode.swift; path = EmailAddressViewModel.swift; sourceTree = "<group>"; };
		C79383BF2A3E515800341CAB /* UpdatePasswordViewModel.swift */ = {isa = PBXFileReference; lastKnownFileType = sourcecode.swift; path = UpdatePasswordViewModel.swift; sourceTree = "<group>"; };
		C79B75282A5BBD890047473A /* OromAlert.swift */ = {isa = PBXFileReference; lastKnownFileType = sourcecode.swift; path = OromAlert.swift; sourceTree = "<group>"; };
		C7A2A5632A3CDD2C00756EFA /* LoginViewModel.swift */ = {isa = PBXFileReference; lastKnownFileType = sourcecode.swift; path = LoginViewModel.swift; sourceTree = "<group>"; };
		C7A2A5652A3CDF6900756EFA /* SignUpViewModel.swift */ = {isa = PBXFileReference; lastKnownFileType = sourcecode.swift; path = SignUpViewModel.swift; sourceTree = "<group>"; };
		C7A2A5682A3D9C3600756EFA /* AuthenticationView.swift */ = {isa = PBXFileReference; lastKnownFileType = sourcecode.swift; path = AuthenticationView.swift; sourceTree = "<group>"; };
		C7A2A56A2A3D9D3E00756EFA /* AuthenticationViewModel.swift */ = {isa = PBXFileReference; lastKnownFileType = sourcecode.swift; path = AuthenticationViewModel.swift; sourceTree = "<group>"; };
		C7C7C2232A59056300DE2185 /* LaunchScreen.storyboard */ = {isa = PBXFileReference; lastKnownFileType = file.storyboard; path = LaunchScreen.storyboard; sourceTree = "<group>"; };
		C7C7C2262A591C4A00DE2185 /* OromColor.swift */ = {isa = PBXFileReference; lastKnownFileType = sourcecode.swift; path = OromColor.swift; sourceTree = "<group>"; };
		C7D39BFA2A616F6000903F57 /* MapView.swift */ = {isa = PBXFileReference; lastKnownFileType = sourcecode.swift; path = MapView.swift; sourceTree = "<group>"; };
		C7D39BFD2A616F8600903F57 /* MapViewModel.swift */ = {isa = PBXFileReference; lastKnownFileType = sourcecode.swift; path = MapViewModel.swift; sourceTree = "<group>"; };
		C7D39C022A6180C700903F57 /* ProfileView.swift */ = {isa = PBXFileReference; lastKnownFileType = sourcecode.swift; path = ProfileView.swift; sourceTree = "<group>"; };
		C7D39C042A6180F500903F57 /* WalletView.swift */ = {isa = PBXFileReference; lastKnownFileType = sourcecode.swift; path = WalletView.swift; sourceTree = "<group>"; };
		C7D39C062A6181CF00903F57 /* DashboardViewModel.swift */ = {isa = PBXFileReference; lastKnownFileType = sourcecode.swift; path = DashboardViewModel.swift; sourceTree = "<group>"; };
		C7D39C092A61824F00903F57 /* ScannerView.swift */ = {isa = PBXFileReference; lastKnownFileType = sourcecode.swift; path = ScannerView.swift; sourceTree = "<group>"; };
		C7D39C0C2A61853000903F57 /* SettingsView.swift */ = {isa = PBXFileReference; lastKnownFileType = sourcecode.swift; path = SettingsView.swift; sourceTree = "<group>"; };
		C7D39C142A61D20A00903F57 /* StartRideView.swift */ = {isa = PBXFileReference; lastKnownFileType = sourcecode.swift; path = StartRideView.swift; sourceTree = "<group>"; };
		C7D39C162A61D64900903F57 /* RidingView.swift */ = {isa = PBXFileReference; lastKnownFileType = sourcecode.swift; path = RidingView.swift; sourceTree = "<group>"; };
		C7D39C182A61DE3C00903F57 /* CompletedRideView.swift */ = {isa = PBXFileReference; lastKnownFileType = sourcecode.swift; path = CompletedRideView.swift; sourceTree = "<group>"; };
		C7DEFD8E2A3A4CF3005F3BBE /* SignUpVerifyOTPView.swift */ = {isa = PBXFileReference; lastKnownFileType = sourcecode.swift; path = SignUpVerifyOTPView.swift; sourceTree = "<group>"; };
		C7DEFD902A3B38DB005F3BBE /* EmailAddressView.swift */ = {isa = PBXFileReference; lastKnownFileType = sourcecode.swift; path = EmailAddressView.swift; sourceTree = "<group>"; };
		C7DEFD942A3B7740005F3BBE /* UpdatePasswordView.swift */ = {isa = PBXFileReference; lastKnownFileType = sourcecode.swift; path = UpdatePasswordView.swift; sourceTree = "<group>"; };
		C7E76B4B2A79F65100FE6CA2 /* TripViewModel.swift */ = {isa = PBXFileReference; lastKnownFileType = sourcecode.swift; path = TripViewModel.swift; sourceTree = "<group>"; };
		C7E76B7D2A7A4AAF00FE6CA2 /* TripService.swift */ = {isa = PBXFileReference; lastKnownFileType = sourcecode.swift; path = TripService.swift; sourceTree = "<group>"; };
		C7E76B7F2A7B221000FE6CA2 /* DashboardBaseView.swift */ = {isa = PBXFileReference; lastKnownFileType = sourcecode.swift; path = DashboardBaseView.swift; sourceTree = "<group>"; };
		C7E76B842A7BF51500FE6CA2 /* ProfileService.swift */ = {isa = PBXFileReference; lastKnownFileType = sourcecode.swift; path = ProfileService.swift; sourceTree = "<group>"; };
		C7E76B862A7BF8DA00FE6CA2 /* ProfileViewModel.swift */ = {isa = PBXFileReference; lastKnownFileType = sourcecode.swift; path = ProfileViewModel.swift; sourceTree = "<group>"; };
		C7E76B882A7C3A7D00FE6CA2 /* ProfileUpdateNameView.swift */ = {isa = PBXFileReference; lastKnownFileType = sourcecode.swift; path = ProfileUpdateNameView.swift; sourceTree = "<group>"; };
		C7E76B8A2A7C3B0800FE6CA2 /* ProfileUpdatePasswordView.swift */ = {isa = PBXFileReference; lastKnownFileType = sourcecode.swift; path = ProfileUpdatePasswordView.swift; sourceTree = "<group>"; };
		C7EA523E2A3F2855000870DD /* SignUpVerifyOTPViewModel.swift */ = {isa = PBXFileReference; lastKnownFileType = sourcecode.swift; path = SignUpVerifyOTPViewModel.swift; sourceTree = "<group>"; };
		C7ED52532A36692A00F88DC3 /* Orom Cycles.app */ = {isa = PBXFileReference; explicitFileType = wrapper.application; includeInIndex = 0; path = "Orom Cycles.app"; sourceTree = BUILT_PRODUCTS_DIR; };
		C7ED52562A36692A00F88DC3 /* Orom_CyclesApp.swift */ = {isa = PBXFileReference; lastKnownFileType = sourcecode.swift; path = Orom_CyclesApp.swift; sourceTree = "<group>"; };
		C7ED52582A36692A00F88DC3 /* ContentView.swift */ = {isa = PBXFileReference; lastKnownFileType = sourcecode.swift; path = ContentView.swift; sourceTree = "<group>"; };
		C7ED525A2A36692B00F88DC3 /* Assets.xcassets */ = {isa = PBXFileReference; lastKnownFileType = folder.assetcatalog; path = Assets.xcassets; sourceTree = "<group>"; };
		C7ED525D2A36692B00F88DC3 /* Preview Assets.xcassets */ = {isa = PBXFileReference; lastKnownFileType = folder.assetcatalog; path = "Preview Assets.xcassets"; sourceTree = "<group>"; };
		C7ED52652A36746E00F88DC3 /* OnboardingStep.swift */ = {isa = PBXFileReference; lastKnownFileType = sourcecode.swift; path = OnboardingStep.swift; sourceTree = "<group>"; };
		C7ED52692A3679CF00F88DC3 /* OnboardingStepView.swift */ = {isa = PBXFileReference; lastKnownFileType = sourcecode.swift; path = OnboardingStepView.swift; sourceTree = "<group>"; };
		C7ED526B2A367A7100F88DC3 /* OnboardingProgressView.swift */ = {isa = PBXFileReference; lastKnownFileType = sourcecode.swift; path = OnboardingProgressView.swift; sourceTree = "<group>"; };
/* End PBXFileReference section */

/* Begin PBXFrameworksBuildPhase section */
		C7ED52502A36692A00F88DC3 /* Frameworks */ = {
			isa = PBXFrameworksBuildPhase;
			buildActionMask = 2147483647;
			files = (
				C7D39C102A61980500903F57 /* CodeScanner in Frameworks */,
				C76432B02A4166EC00750976 /* AlertToast in Frameworks */,
			);
			runOnlyForDeploymentPostprocessing = 0;
		};
/* End PBXFrameworksBuildPhase section */

/* Begin PBXGroup section */
		C70163542A37A6D7001C119C /* Model */ = {
			isa = PBXGroup;
			children = (
				C7ED52652A36746E00F88DC3 /* OnboardingStep.swift */,
			);
			path = Model;
			sourceTree = "<group>";
		};
		C70163552A37AC6E001C119C /* View */ = {
			isa = PBXGroup;
			children = (
				C70163522A377A7C001C119C /* OnboardingView.swift */,
				C7ED52692A3679CF00F88DC3 /* OnboardingStepView.swift */,
				C7ED526B2A367A7100F88DC3 /* OnboardingProgressView.swift */,
			);
			path = View;
			sourceTree = "<group>";
		};
		C70163562A37ACBD001C119C /* Login */ = {
			isa = PBXGroup;
			children = (
				C70163572A37ACD5001C119C /* LoginView.swift */,
				C7A2A5632A3CDD2C00756EFA /* LoginViewModel.swift */,
			);
			path = Login;
			sourceTree = "<group>";
		};
		C72A26EC2A52B9620013DB02 /* Models */ = {
			isa = PBXGroup;
			children = (
				C739FC292A56973500290236 /* Storage.swift */,
				C79B75282A5BBD890047473A /* OromAlert.swift */,
				C72A26ED2A52B9800013DB02 /* ValidityAndError.swift */,
			);
			path = Models;
			sourceTree = "<group>";
		};
		C7344CEE2A3FA48900E9B08E /* Services */ = {
			isa = PBXGroup;
			children = (
				C7344CEF2A3FA4A100E9B08E /* AuthenticationAPIService.swift */,
				C739FC222A56139200290236 /* Log In */,
				C739FC232A5613A200290236 /* Sign Up */,
				C76990402A5738FA00DF8116 /* Forgot Password */,
			);
			path = Services;
			sourceTree = "<group>";
		};
		C738020B2A7EBA9500FC25A5 /* Views */ = {
			isa = PBXGroup;
			children = (
				C7D39C042A6180F500903F57 /* WalletView.swift */,
				C73802072A7E5D2B00FC25A5 /* WalletCardColorView.swift */,
				C73802052A7E5C1000FC25A5 /* WalletCardColorPicker.swift */,
			);
			path = Views;
			sourceTree = "<group>";
		};
		C738020C2A7EBAAD00FC25A5 /* Utilities */ = {
			isa = PBXGroup;
			children = (
				C73802032A7E205A00FC25A5 /* WalletCardGradientColor.swift */,
			);
			path = Utilities;
			sourceTree = "<group>";
		};
		C738020D2A7EBABB00FC25A5 /* View Models */ = {
			isa = PBXGroup;
			children = (
				C73802092A7EB6AD00FC25A5 /* WalletViewModel.swift */,
			);
			path = "View Models";
			sourceTree = "<group>";
		};
		C738020E2A7EBBB700FC25A5 /* Common */ = {
			isa = PBXGroup;
			children = (
				C738020F2A7EBBCE00FC25A5 /* CommonService.swift */,
			);
			path = Common;
			sourceTree = "<group>";
		};
		C73802112A7ECF9200FC25A5 /* Root */ = {
			isa = PBXGroup;
			children = (
				C738020C2A7EBAAD00FC25A5 /* Utilities */,
				C738020B2A7EBA9500FC25A5 /* Views */,
				C738020D2A7EBABB00FC25A5 /* View Models */,
			);
			path = Root;
			sourceTree = "<group>";
		};
		C73802122A7ECFB500FC25A5 /* Payment */ = {
			isa = PBXGroup;
			children = (
				C73802132A7ECFC700FC25A5 /* PaymentView.swift */,
			);
			path = Payment;
			sourceTree = "<group>";
		};
		C739FC222A56139200290236 /* Log In */ = {
			isa = PBXGroup;
			children = (
				C739FC1C2A5610A700290236 /* LogInService.swift */,
			);
			path = "Log In";
			sourceTree = "<group>";
		};
		C739FC232A5613A200290236 /* Sign Up */ = {
			isa = PBXGroup;
			children = (
				C739FC1E2A56115500290236 /* SignUpService.swift */,
				C739FC202A5611D300290236 /* SignUpVerifyService.swift */,
			);
			path = "Sign Up";
			sourceTree = "<group>";
		};
		C739FC2B2A56A37400290236 /* SignUp Info */ = {
			isa = PBXGroup;
			children = (
				C770D4432A38C701002406CB /* SignUpView.swift */,
				C7A2A5652A3CDF6900756EFA /* SignUpViewModel.swift */,
			);
			path = "SignUp Info";
			sourceTree = "<group>";
		};
		C76990402A5738FA00DF8116 /* Forgot Password */ = {
			isa = PBXGroup;
			children = (
				C76990432A57399F00DF8116 /* ForgotPasswordService.swift */,
				C76990452A573A4D00DF8116 /* ResetPasswordService.swift */,
			);
			path = "Forgot Password";
			sourceTree = "<group>";
		};
		C770D4422A38C6DB002406CB /* SignUp */ = {
			isa = PBXGroup;
			children = (
				C739FC2B2A56A37400290236 /* SignUp Info */,
				C7EA52402A3F29B0000870DD /* Verify OTP */,
			);
			path = SignUp;
			sourceTree = "<group>";
		};
		C770D4452A38C825002406CB /* Forgot Password */ = {
			isa = PBXGroup;
			children = (
				C770D4462A38C842002406CB /* ForgotPasswordView.swift */,
				C79383B92A3E430800341CAB /* ForgotPasswordViewModel.swift */,
				C79383C12A3E530700341CAB /* Email Address */,
				C79383C32A3E53C500341CAB /* Update Password */,
			);
			path = "Forgot Password";
			sourceTree = "<group>";
		};
		C785675E2A66F91500A2B355 /* Service */ = {
			isa = PBXGroup;
			children = (
				C785675F2A66F94100A2B355 /* Dashboard API Service.swift */,
				C78567612A66FBC400A2B355 /* Map */,
				C7E76B7C2A7A4A9800FE6CA2 /* Trip */,
				C7E76B832A7BF4F900FE6CA2 /* Profile */,
				C738020E2A7EBBB700FC25A5 /* Common */,
			);
			path = Service;
			sourceTree = "<group>";
		};
		C78567612A66FBC400A2B355 /* Map */ = {
			isa = PBXGroup;
			children = (
				C78567622A66FBE300A2B355 /* MapService.swift */,
			);
			path = Map;
			sourceTree = "<group>";
		};
		C78567642A67AC2800A2B355 /* View Models */ = {
			isa = PBXGroup;
			children = (
				C7A2A56A2A3D9D3E00756EFA /* AuthenticationViewModel.swift */,
				C7D39C062A6181CF00903F57 /* DashboardViewModel.swift */,
			);
			path = "View Models";
			sourceTree = "<group>";
		};
		C78567652A67ACFA00A2B355 /* Core */ = {
			isa = PBXGroup;
			children = (
				C7A2A5672A3D9B3200756EFA /* Authentication */,
				C7A2A56C2A3DC5E600756EFA /* Dashboard */,
			);
			path = Core;
			sourceTree = "<group>";
		};
		C79383C12A3E530700341CAB /* Email Address */ = {
			isa = PBXGroup;
			children = (
				C7DEFD902A3B38DB005F3BBE /* EmailAddressView.swift */,
				C79383BB2A3E504D00341CAB /* EmailAddressViewModel.swift */,
			);
			path = "Email Address";
			sourceTree = "<group>";
		};
		C79383C32A3E53C500341CAB /* Update Password */ = {
			isa = PBXGroup;
			children = (
				C7DEFD942A3B7740005F3BBE /* UpdatePasswordView.swift */,
				C79383BF2A3E515800341CAB /* UpdatePasswordViewModel.swift */,
			);
			path = "Update Password";
			sourceTree = "<group>";
		};
		C7A2A5672A3D9B3200756EFA /* Authentication */ = {
			isa = PBXGroup;
			children = (
				C7A2A5682A3D9C3600756EFA /* AuthenticationView.swift */,
				C7344CEE2A3FA48900E9B08E /* Services */,
				C7ED52642A36741900F88DC3 /* Onboarding */,
				C70163562A37ACBD001C119C /* Login */,
				C770D4422A38C6DB002406CB /* SignUp */,
				C770D4452A38C825002406CB /* Forgot Password */,
			);
			path = Authentication;
			sourceTree = "<group>";
		};
		C7A2A56C2A3DC5E600756EFA /* Dashboard */ = {
			isa = PBXGroup;
			children = (
				C770D44B2A38D1F1002406CB /* DashboardView.swift */,
				C7E76B7F2A7B221000FE6CA2 /* DashboardBaseView.swift */,
				C785675E2A66F91500A2B355 /* Service */,
				C7D39BFC2A616F7400903F57 /* Map */,
				C7D39C132A61D1D900903F57 /* Trip */,
				C7D39C082A61823D00903F57 /* Scanner */,
				C7D39BFF2A61805900903F57 /* Profile */,
				C7D39C002A61806300903F57 /* Wallet */,
				C7D39C0B2A61851C00903F57 /* Settings */,
			);
			path = Dashboard;
			sourceTree = "<group>";
		};
		C7C7C2222A59054A00DE2185 /* Launch Screen */ = {
			isa = PBXGroup;
			children = (
				C7C7C2232A59056300DE2185 /* LaunchScreen.storyboard */,
			);
			path = "Launch Screen";
			sourceTree = "<group>";
		};
		C7C7C2252A591C3100DE2185 /* Utilities */ = {
			isa = PBXGroup;
			children = (
				C7C7C2262A591C4A00DE2185 /* OromColor.swift */,
				C73802012A7D46F800FC25A5 /* TapToSeeSecureField.swift */,
			);
			path = Utilities;
			sourceTree = "<group>";
		};
		C7D39BFC2A616F7400903F57 /* Map */ = {
			isa = PBXGroup;
			children = (
				C7D39BFA2A616F6000903F57 /* MapView.swift */,
				C77BF8842A872223002D89E6 /* OromMapViewRepresentable.swift */,
				C77BF8862A87262A002D89E6 /* LocationManager.swift */,
				C7D39BFD2A616F8600903F57 /* MapViewModel.swift */,
			);
			path = Map;
			sourceTree = "<group>";
		};
		C7D39BFF2A61805900903F57 /* Profile */ = {
			isa = PBXGroup;
			children = (
				C7D39C022A6180C700903F57 /* ProfileView.swift */,
				C7E76B882A7C3A7D00FE6CA2 /* ProfileUpdateNameView.swift */,
				C7E76B8A2A7C3B0800FE6CA2 /* ProfileUpdatePasswordView.swift */,
				C7E76B862A7BF8DA00FE6CA2 /* ProfileViewModel.swift */,
				C73801FF2A7C95C500FC25A5 /* ProfileUpdatePasswordViewModel.swift */,
			);
			path = Profile;
			sourceTree = "<group>";
		};
		C7D39C002A61806300903F57 /* Wallet */ = {
			isa = PBXGroup;
			children = (
				C73802112A7ECF9200FC25A5 /* Root */,
				C73802122A7ECFB500FC25A5 /* Payment */,
			);
			path = Wallet;
			sourceTree = "<group>";
		};
		C7D39C082A61823D00903F57 /* Scanner */ = {
			isa = PBXGroup;
			children = (
				C7D39C092A61824F00903F57 /* ScannerView.swift */,
			);
			path = Scanner;
			sourceTree = "<group>";
		};
		C7D39C0B2A61851C00903F57 /* Settings */ = {
			isa = PBXGroup;
			children = (
				C7D39C0C2A61853000903F57 /* SettingsView.swift */,
			);
			path = Settings;
			sourceTree = "<group>";
		};
		C7D39C132A61D1D900903F57 /* Trip */ = {
			isa = PBXGroup;
			children = (
				C7D39C142A61D20A00903F57 /* StartRideView.swift */,
				C7D39C162A61D64900903F57 /* RidingView.swift */,
				C7D39C182A61DE3C00903F57 /* CompletedRideView.swift */,
				C7E76B4B2A79F65100FE6CA2 /* TripViewModel.swift */,
			);
			path = Trip;
			sourceTree = "<group>";
		};
		C7E76B7C2A7A4A9800FE6CA2 /* Trip */ = {
			isa = PBXGroup;
			children = (
				C7E76B7D2A7A4AAF00FE6CA2 /* TripService.swift */,
			);
			path = Trip;
			sourceTree = "<group>";
		};
		C7E76B832A7BF4F900FE6CA2 /* Profile */ = {
			isa = PBXGroup;
			children = (
				C7E76B842A7BF51500FE6CA2 /* ProfileService.swift */,
			);
			path = Profile;
			sourceTree = "<group>";
		};
		C7EA52402A3F29B0000870DD /* Verify OTP */ = {
			isa = PBXGroup;
			children = (
				C7DEFD8E2A3A4CF3005F3BBE /* SignUpVerifyOTPView.swift */,
				C7EA523E2A3F2855000870DD /* SignUpVerifyOTPViewModel.swift */,
			);
			path = "Verify OTP";
			sourceTree = "<group>";
		};
		C7ED524A2A36692A00F88DC3 = {
			isa = PBXGroup;
			children = (
				C7ED52552A36692A00F88DC3 /* Orom Cycles */,
				C7ED52542A36692A00F88DC3 /* Products */,
			);
			sourceTree = "<group>";
		};
		C7ED52542A36692A00F88DC3 /* Products */ = {
			isa = PBXGroup;
			children = (
				C7ED52532A36692A00F88DC3 /* Orom Cycles.app */,
			);
			name = Products;
			sourceTree = "<group>";
		};
		C7ED52552A36692A00F88DC3 /* Orom Cycles */ = {
			isa = PBXGroup;
			children = (
				C738E6242A5511AA00351206 /* Orom-Cycles-Info.plist */,
				C7ED52562A36692A00F88DC3 /* Orom_CyclesApp.swift */,
				C7ED52582A36692A00F88DC3 /* ContentView.swift */,
				C7C7C2222A59054A00DE2185 /* Launch Screen */,
				C7C7C2252A591C3100DE2185 /* Utilities */,
				C72A26EC2A52B9620013DB02 /* Models */,
				C78567642A67AC2800A2B355 /* View Models */,
				C78567652A67ACFA00A2B355 /* Core */,
				C7ED525A2A36692B00F88DC3 /* Assets.xcassets */,
				C7ED525C2A36692B00F88DC3 /* Preview Content */,
			);
			path = "Orom Cycles";
			sourceTree = "<group>";
		};
		C7ED525C2A36692B00F88DC3 /* Preview Content */ = {
			isa = PBXGroup;
			children = (
				C7ED525D2A36692B00F88DC3 /* Preview Assets.xcassets */,
			);
			path = "Preview Content";
			sourceTree = "<group>";
		};
		C7ED52642A36741900F88DC3 /* Onboarding */ = {
			isa = PBXGroup;
			children = (
				C70163542A37A6D7001C119C /* Model */,
				C70163552A37AC6E001C119C /* View */,
			);
			path = Onboarding;
			sourceTree = "<group>";
		};
/* End PBXGroup section */

/* Begin PBXNativeTarget section */
		C7ED52522A36692A00F88DC3 /* Orom Cycles */ = {
			isa = PBXNativeTarget;
			buildConfigurationList = C7ED52612A36692B00F88DC3 /* Build configuration list for PBXNativeTarget "Orom Cycles" */;
			buildPhases = (
				C7ED524F2A36692A00F88DC3 /* Sources */,
				C7ED52502A36692A00F88DC3 /* Frameworks */,
				C7ED52512A36692A00F88DC3 /* Resources */,
			);
			buildRules = (
			);
			dependencies = (
			);
			name = "Orom Cycles";
			packageProductDependencies = (
				C76432AF2A4166EC00750976 /* AlertToast */,
				C7D39C0F2A61980500903F57 /* CodeScanner */,
			);
			productName = "Orom Cycles";
			productReference = C7ED52532A36692A00F88DC3 /* Orom Cycles.app */;
			productType = "com.apple.product-type.application";
		};
/* End PBXNativeTarget section */

/* Begin PBXProject section */
		C7ED524B2A36692A00F88DC3 /* Project object */ = {
			isa = PBXProject;
			attributes = {
				BuildIndependentTargetsInParallel = 1;
				LastSwiftUpdateCheck = 1430;
				LastUpgradeCheck = 1430;
				TargetAttributes = {
					C7ED52522A36692A00F88DC3 = {
						CreatedOnToolsVersion = 14.3.1;
					};
				};
			};
			buildConfigurationList = C7ED524E2A36692A00F88DC3 /* Build configuration list for PBXProject "Orom Cycles" */;
			compatibilityVersion = "Xcode 14.0";
			developmentRegion = en;
			hasScannedForEncodings = 0;
			knownRegions = (
				en,
				Base,
			);
			mainGroup = C7ED524A2A36692A00F88DC3;
			packageReferences = (
				C76432AE2A4166EC00750976 /* XCRemoteSwiftPackageReference "AlertToast" */,
				C7D39C0E2A61980400903F57 /* XCRemoteSwiftPackageReference "CodeScanner" */,
			);
			productRefGroup = C7ED52542A36692A00F88DC3 /* Products */;
			projectDirPath = "";
			projectRoot = "";
			targets = (
				C7ED52522A36692A00F88DC3 /* Orom Cycles */,
			);
		};
/* End PBXProject section */

/* Begin PBXResourcesBuildPhase section */
		C7ED52512A36692A00F88DC3 /* Resources */ = {
			isa = PBXResourcesBuildPhase;
			buildActionMask = 2147483647;
			files = (
				C7C7C2242A59056300DE2185 /* LaunchScreen.storyboard in Resources */,
				C7ED525E2A36692B00F88DC3 /* Preview Assets.xcassets in Resources */,
				C7ED525B2A36692B00F88DC3 /* Assets.xcassets in Resources */,
			);
			runOnlyForDeploymentPostprocessing = 0;
		};
/* End PBXResourcesBuildPhase section */

/* Begin PBXSourcesBuildPhase section */
		C7ED524F2A36692A00F88DC3 /* Sources */ = {
			isa = PBXSourcesBuildPhase;
			buildActionMask = 2147483647;
			files = (
				C7D39C192A61DE3C00903F57 /* CompletedRideView.swift in Sources */,
				C7ED52592A36692A00F88DC3 /* ContentView.swift in Sources */,
				C73802142A7ECFC700FC25A5 /* PaymentView.swift in Sources */,
				C7D39BFB2A616F6000903F57 /* MapView.swift in Sources */,
				C739FC2A2A56973500290236 /* Storage.swift in Sources */,
				C7D39C172A61D64900903F57 /* RidingView.swift in Sources */,
				C7D39C152A61D20A00903F57 /* StartRideView.swift in Sources */,
				C77BF8852A872223002D89E6 /* OromMapViewRepresentable.swift in Sources */,
				C7D39C072A6181CF00903F57 /* DashboardViewModel.swift in Sources */,
				C7A2A5662A3CDF6900756EFA /* SignUpViewModel.swift in Sources */,
				C70163582A37ACD5001C119C /* LoginView.swift in Sources */,
				C7E76B4C2A79F65100FE6CA2 /* TripViewModel.swift in Sources */,
				C7DEFD952A3B7740005F3BBE /* UpdatePasswordView.swift in Sources */,
				C79383C02A3E515800341CAB /* UpdatePasswordViewModel.swift in Sources */,
				C7EA523F2A3F2855000870DD /* SignUpVerifyOTPViewModel.swift in Sources */,
				C738020A2A7EB6AD00FC25A5 /* WalletViewModel.swift in Sources */,
				C79B75292A5BBD890047473A /* OromAlert.swift in Sources */,
				C7DEFD912A3B38DB005F3BBE /* EmailAddressView.swift in Sources */,
				C7E76B892A7C3A7D00FE6CA2 /* ProfileUpdateNameView.swift in Sources */,
				C7C7C2272A591C4A00DE2185 /* OromColor.swift in Sources */,
				C72A26EE2A52B9800013DB02 /* ValidityAndError.swift in Sources */,
				C73802022A7D46F800FC25A5 /* TapToSeeSecureField.swift in Sources */,
				C739FC212A5611D300290236 /* SignUpVerifyService.swift in Sources */,
				C7ED526C2A367A7100F88DC3 /* OnboardingProgressView.swift in Sources */,
				C7E76B7E2A7A4AAF00FE6CA2 /* TripService.swift in Sources */,
				C7A2A56B2A3D9D3E00756EFA /* AuthenticationViewModel.swift in Sources */,
				C7D39C0A2A61824F00903F57 /* ScannerView.swift in Sources */,
				C739FC1D2A5610A700290236 /* LogInService.swift in Sources */,
				C7ED526A2A3679CF00F88DC3 /* OnboardingStepView.swift in Sources */,
				C7D39BFE2A616F8600903F57 /* MapViewModel.swift in Sources */,
				C7E76B802A7B221000FE6CA2 /* DashboardBaseView.swift in Sources */,
				C76990442A57399F00DF8116 /* ForgotPasswordService.swift in Sources */,
				C79383BC2A3E504D00341CAB /* EmailAddressViewModel.swift in Sources */,
				C73802002A7C95C500FC25A5 /* ProfileUpdatePasswordViewModel.swift in Sources */,
				C770D4442A38C701002406CB /* SignUpView.swift in Sources */,
				C7DEFD8F2A3A4CF3005F3BBE /* SignUpVerifyOTPView.swift in Sources */,
				C7E76B872A7BF8DA00FE6CA2 /* ProfileViewModel.swift in Sources */,
				C7E76B8B2A7C3B0800FE6CA2 /* ProfileUpdatePasswordView.swift in Sources */,
				C73802042A7E205A00FC25A5 /* WalletCardGradientColor.swift in Sources */,
				C739FC1F2A56115500290236 /* SignUpService.swift in Sources */,
				C73802082A7E5D2B00FC25A5 /* WalletCardColorView.swift in Sources */,
				C770D44C2A38D1F1002406CB /* DashboardView.swift in Sources */,
				C7A2A5642A3CDD2C00756EFA /* LoginViewModel.swift in Sources */,
				C70163532A377A7C001C119C /* OnboardingView.swift in Sources */,
				C7D39C032A6180C700903F57 /* ProfileView.swift in Sources */,
				C76990462A573A4D00DF8116 /* ResetPasswordService.swift in Sources */,
				C7344CF02A3FA4A100E9B08E /* AuthenticationAPIService.swift in Sources */,
				C7E76B852A7BF51500FE6CA2 /* ProfileService.swift in Sources */,
				C77BF8872A87262A002D89E6 /* LocationManager.swift in Sources */,
				C7A2A5692A3D9C3600756EFA /* AuthenticationView.swift in Sources */,
				C73802102A7EBBCE00FC25A5 /* CommonService.swift in Sources */,
				C7ED52662A36746E00F88DC3 /* OnboardingStep.swift in Sources */,
				C7D39C052A6180F500903F57 /* WalletView.swift in Sources */,
				C770D4472A38C842002406CB /* ForgotPasswordView.swift in Sources */,
				C79383BA2A3E430800341CAB /* ForgotPasswordViewModel.swift in Sources */,
				C78567602A66F94100A2B355 /* Dashboard API Service.swift in Sources */,
				C73802062A7E5C1000FC25A5 /* WalletCardColorPicker.swift in Sources */,
				C7ED52572A36692A00F88DC3 /* Orom_CyclesApp.swift in Sources */,
				C7D39C0D2A61853000903F57 /* SettingsView.swift in Sources */,
				C78567632A66FBE300A2B355 /* MapService.swift in Sources */,
			);
			runOnlyForDeploymentPostprocessing = 0;
		};
/* End PBXSourcesBuildPhase section */

/* Begin XCBuildConfiguration section */
		C7ED525F2A36692B00F88DC3 /* Debug */ = {
			isa = XCBuildConfiguration;
			buildSettings = {
				ALWAYS_SEARCH_USER_PATHS = NO;
				CLANG_ANALYZER_NONNULL = YES;
				CLANG_ANALYZER_NUMBER_OBJECT_CONVERSION = YES_AGGRESSIVE;
				CLANG_CXX_LANGUAGE_STANDARD = "gnu++20";
				CLANG_ENABLE_MODULES = YES;
				CLANG_ENABLE_OBJC_ARC = YES;
				CLANG_ENABLE_OBJC_WEAK = YES;
				CLANG_WARN_BLOCK_CAPTURE_AUTORELEASING = YES;
				CLANG_WARN_BOOL_CONVERSION = YES;
				CLANG_WARN_COMMA = YES;
				CLANG_WARN_CONSTANT_CONVERSION = YES;
				CLANG_WARN_DEPRECATED_OBJC_IMPLEMENTATIONS = YES;
				CLANG_WARN_DIRECT_OBJC_ISA_USAGE = YES_ERROR;
				CLANG_WARN_DOCUMENTATION_COMMENTS = YES;
				CLANG_WARN_EMPTY_BODY = YES;
				CLANG_WARN_ENUM_CONVERSION = YES;
				CLANG_WARN_INFINITE_RECURSION = YES;
				CLANG_WARN_INT_CONVERSION = YES;
				CLANG_WARN_NON_LITERAL_NULL_CONVERSION = YES;
				CLANG_WARN_OBJC_IMPLICIT_RETAIN_SELF = YES;
				CLANG_WARN_OBJC_LITERAL_CONVERSION = YES;
				CLANG_WARN_OBJC_ROOT_CLASS = YES_ERROR;
				CLANG_WARN_QUOTED_INCLUDE_IN_FRAMEWORK_HEADER = YES;
				CLANG_WARN_RANGE_LOOP_ANALYSIS = YES;
				CLANG_WARN_STRICT_PROTOTYPES = YES;
				CLANG_WARN_SUSPICIOUS_MOVE = YES;
				CLANG_WARN_UNGUARDED_AVAILABILITY = YES_AGGRESSIVE;
				CLANG_WARN_UNREACHABLE_CODE = YES;
				CLANG_WARN__DUPLICATE_METHOD_MATCH = YES;
				COPY_PHASE_STRIP = NO;
				DEBUG_INFORMATION_FORMAT = dwarf;
				ENABLE_STRICT_OBJC_MSGSEND = YES;
				ENABLE_TESTABILITY = YES;
				GCC_C_LANGUAGE_STANDARD = gnu11;
				GCC_DYNAMIC_NO_PIC = NO;
				GCC_NO_COMMON_BLOCKS = YES;
				GCC_OPTIMIZATION_LEVEL = 0;
				GCC_PREPROCESSOR_DEFINITIONS = (
					"DEBUG=1",
					"$(inherited)",
				);
				GCC_WARN_64_TO_32_BIT_CONVERSION = YES;
				GCC_WARN_ABOUT_RETURN_TYPE = YES_ERROR;
				GCC_WARN_UNDECLARED_SELECTOR = YES;
				GCC_WARN_UNINITIALIZED_AUTOS = YES_AGGRESSIVE;
				GCC_WARN_UNUSED_FUNCTION = YES;
				GCC_WARN_UNUSED_VARIABLE = YES;
				IPHONEOS_DEPLOYMENT_TARGET = 16.4;
				MTL_ENABLE_DEBUG_INFO = INCLUDE_SOURCE;
				MTL_FAST_MATH = YES;
				ONLY_ACTIVE_ARCH = YES;
				SDKROOT = iphoneos;
				SWIFT_ACTIVE_COMPILATION_CONDITIONS = DEBUG;
				SWIFT_OPTIMIZATION_LEVEL = "-Onone";
			};
			name = Debug;
		};
		C7ED52602A36692B00F88DC3 /* Release */ = {
			isa = XCBuildConfiguration;
			buildSettings = {
				ALWAYS_SEARCH_USER_PATHS = NO;
				CLANG_ANALYZER_NONNULL = YES;
				CLANG_ANALYZER_NUMBER_OBJECT_CONVERSION = YES_AGGRESSIVE;
				CLANG_CXX_LANGUAGE_STANDARD = "gnu++20";
				CLANG_ENABLE_MODULES = YES;
				CLANG_ENABLE_OBJC_ARC = YES;
				CLANG_ENABLE_OBJC_WEAK = YES;
				CLANG_WARN_BLOCK_CAPTURE_AUTORELEASING = YES;
				CLANG_WARN_BOOL_CONVERSION = YES;
				CLANG_WARN_COMMA = YES;
				CLANG_WARN_CONSTANT_CONVERSION = YES;
				CLANG_WARN_DEPRECATED_OBJC_IMPLEMENTATIONS = YES;
				CLANG_WARN_DIRECT_OBJC_ISA_USAGE = YES_ERROR;
				CLANG_WARN_DOCUMENTATION_COMMENTS = YES;
				CLANG_WARN_EMPTY_BODY = YES;
				CLANG_WARN_ENUM_CONVERSION = YES;
				CLANG_WARN_INFINITE_RECURSION = YES;
				CLANG_WARN_INT_CONVERSION = YES;
				CLANG_WARN_NON_LITERAL_NULL_CONVERSION = YES;
				CLANG_WARN_OBJC_IMPLICIT_RETAIN_SELF = YES;
				CLANG_WARN_OBJC_LITERAL_CONVERSION = YES;
				CLANG_WARN_OBJC_ROOT_CLASS = YES_ERROR;
				CLANG_WARN_QUOTED_INCLUDE_IN_FRAMEWORK_HEADER = YES;
				CLANG_WARN_RANGE_LOOP_ANALYSIS = YES;
				CLANG_WARN_STRICT_PROTOTYPES = YES;
				CLANG_WARN_SUSPICIOUS_MOVE = YES;
				CLANG_WARN_UNGUARDED_AVAILABILITY = YES_AGGRESSIVE;
				CLANG_WARN_UNREACHABLE_CODE = YES;
				CLANG_WARN__DUPLICATE_METHOD_MATCH = YES;
				COPY_PHASE_STRIP = NO;
				DEBUG_INFORMATION_FORMAT = "dwarf-with-dsym";
				ENABLE_NS_ASSERTIONS = NO;
				ENABLE_STRICT_OBJC_MSGSEND = YES;
				GCC_C_LANGUAGE_STANDARD = gnu11;
				GCC_NO_COMMON_BLOCKS = YES;
				GCC_WARN_64_TO_32_BIT_CONVERSION = YES;
				GCC_WARN_ABOUT_RETURN_TYPE = YES_ERROR;
				GCC_WARN_UNDECLARED_SELECTOR = YES;
				GCC_WARN_UNINITIALIZED_AUTOS = YES_AGGRESSIVE;
				GCC_WARN_UNUSED_FUNCTION = YES;
				GCC_WARN_UNUSED_VARIABLE = YES;
				IPHONEOS_DEPLOYMENT_TARGET = 16.4;
				MTL_ENABLE_DEBUG_INFO = NO;
				MTL_FAST_MATH = YES;
				SDKROOT = iphoneos;
				SWIFT_COMPILATION_MODE = wholemodule;
				SWIFT_OPTIMIZATION_LEVEL = "-O";
				VALIDATE_PRODUCT = YES;
			};
			name = Release;
		};
		C7ED52622A36692B00F88DC3 /* Debug */ = {
			isa = XCBuildConfiguration;
			buildSettings = {
				ASSETCATALOG_COMPILER_APPICON_NAME = AppIcon;
				ASSETCATALOG_COMPILER_GLOBAL_ACCENT_COLOR_NAME = AccentColor;
				CODE_SIGN_STYLE = Automatic;
				CURRENT_PROJECT_VERSION = 1;
				DEVELOPMENT_ASSET_PATHS = "\"Orom Cycles/Preview Content\"";
				DEVELOPMENT_TEAM = 255PJ663UF;
				ENABLE_PREVIEWS = YES;
				GENERATE_INFOPLIST_FILE = YES;
				INFOPLIST_FILE = "Orom-Cycles-Info.plist";
				INFOPLIST_KEY_NSCameraUsageDescription = "You'll use the camera to scan the codes on the cycle to begin ride";
				INFOPLIST_KEY_NSLocationWhenInUseUsageDescription = "Orom Cycles will use your location to show you the nearest available cycles";
				INFOPLIST_KEY_UIApplicationSceneManifest_Generation = YES;
				INFOPLIST_KEY_UIApplicationSupportsIndirectInputEvents = YES;
				INFOPLIST_KEY_UILaunchStoryboardName = LaunchScreen.storyboard;
				INFOPLIST_KEY_UIStatusBarStyle = "";
				INFOPLIST_KEY_UISupportedInterfaceOrientations = UIInterfaceOrientationPortrait;
				INFOPLIST_KEY_UISupportedInterfaceOrientations_iPad = "UIInterfaceOrientationLandscapeLeft UIInterfaceOrientationLandscapeRight UIInterfaceOrientationPortrait UIInterfaceOrientationPortraitUpsideDown";
				IPHONEOS_DEPLOYMENT_TARGET = 15.6;
				LD_RUNPATH_SEARCH_PATHS = (
					"$(inherited)",
					"@executable_path/Frameworks",
				);
				MARKETING_VERSION = 1.0;
				PRODUCT_BUNDLE_IDENTIFIER = "com.OROM.Orom-Cycles";
				PRODUCT_NAME = "$(TARGET_NAME)";
				SUPPORTED_PLATFORMS = "iphoneos iphonesimulator";
				SUPPORTS_MACCATALYST = NO;
				SUPPORTS_MAC_DESIGNED_FOR_IPHONE_IPAD = NO;
				SWIFT_EMIT_LOC_STRINGS = YES;
				SWIFT_VERSION = 5.0;
				TARGETED_DEVICE_FAMILY = 1;
			};
			name = Debug;
		};
		C7ED52632A36692B00F88DC3 /* Release */ = {
			isa = XCBuildConfiguration;
			buildSettings = {
				ASSETCATALOG_COMPILER_APPICON_NAME = AppIcon;
				ASSETCATALOG_COMPILER_GLOBAL_ACCENT_COLOR_NAME = AccentColor;
				CODE_SIGN_STYLE = Automatic;
				CURRENT_PROJECT_VERSION = 1;
				DEVELOPMENT_ASSET_PATHS = "\"Orom Cycles/Preview Content\"";
				DEVELOPMENT_TEAM = 255PJ663UF;
				ENABLE_PREVIEWS = YES;
				GENERATE_INFOPLIST_FILE = YES;
				INFOPLIST_FILE = "Orom-Cycles-Info.plist";
				INFOPLIST_KEY_NSCameraUsageDescription = "You'll use the camera to scan the codes on the cycle to begin ride";
				INFOPLIST_KEY_NSLocationWhenInUseUsageDescription = "Orom Cycles will use your location to show you the nearest available cycles";
				INFOPLIST_KEY_UIApplicationSceneManifest_Generation = YES;
				INFOPLIST_KEY_UIApplicationSupportsIndirectInputEvents = YES;
				INFOPLIST_KEY_UILaunchStoryboardName = LaunchScreen.storyboard;
				INFOPLIST_KEY_UIStatusBarStyle = "";
				INFOPLIST_KEY_UISupportedInterfaceOrientations = UIInterfaceOrientationPortrait;
				INFOPLIST_KEY_UISupportedInterfaceOrientations_iPad = "UIInterfaceOrientationLandscapeLeft UIInterfaceOrientationLandscapeRight UIInterfaceOrientationPortrait UIInterfaceOrientationPortraitUpsideDown";
				IPHONEOS_DEPLOYMENT_TARGET = 15.6;
				LD_RUNPATH_SEARCH_PATHS = (
					"$(inherited)",
					"@executable_path/Frameworks",
				);
				MARKETING_VERSION = 1.0;
				PRODUCT_BUNDLE_IDENTIFIER = "com.OROM.Orom-Cycles";
				PRODUCT_NAME = "$(TARGET_NAME)";
				SUPPORTED_PLATFORMS = "iphoneos iphonesimulator";
				SUPPORTS_MACCATALYST = NO;
				SUPPORTS_MAC_DESIGNED_FOR_IPHONE_IPAD = NO;
				SWIFT_EMIT_LOC_STRINGS = YES;
				SWIFT_VERSION = 5.0;
				TARGETED_DEVICE_FAMILY = 1;
			};
			name = Release;
		};
/* End XCBuildConfiguration section */

/* Begin XCConfigurationList section */
		C7ED524E2A36692A00F88DC3 /* Build configuration list for PBXProject "Orom Cycles" */ = {
			isa = XCConfigurationList;
			buildConfigurations = (
				C7ED525F2A36692B00F88DC3 /* Debug */,
				C7ED52602A36692B00F88DC3 /* Release */,
			);
			defaultConfigurationIsVisible = 0;
			defaultConfigurationName = Release;
		};
		C7ED52612A36692B00F88DC3 /* Build configuration list for PBXNativeTarget "Orom Cycles" */ = {
			isa = XCConfigurationList;
			buildConfigurations = (
				C7ED52622A36692B00F88DC3 /* Debug */,
				C7ED52632A36692B00F88DC3 /* Release */,
			);
			defaultConfigurationIsVisible = 0;
			defaultConfigurationName = Release;
		};
/* End XCConfigurationList section */

/* Begin XCRemoteSwiftPackageReference section */
		C76432AE2A4166EC00750976 /* XCRemoteSwiftPackageReference "AlertToast" */ = {
			isa = XCRemoteSwiftPackageReference;
			repositoryURL = "https://github.com/elai950/AlertToast.git";
			requirement = {
				kind = upToNextMajorVersion;
				minimumVersion = 1.0.0;
			};
		};
		C7D39C0E2A61980400903F57 /* XCRemoteSwiftPackageReference "CodeScanner" */ = {
			isa = XCRemoteSwiftPackageReference;
			repositoryURL = "https://github.com/twostraws/CodeScanner";
			requirement = {
				kind = upToNextMajorVersion;
				minimumVersion = 2.0.0;
			};
		};
/* End XCRemoteSwiftPackageReference section */

/* Begin XCSwiftPackageProductDependency section */
		C76432AF2A4166EC00750976 /* AlertToast */ = {
			isa = XCSwiftPackageProductDependency;
			package = C76432AE2A4166EC00750976 /* XCRemoteSwiftPackageReference "AlertToast" */;
			productName = AlertToast;
		};
		C7D39C0F2A61980500903F57 /* CodeScanner */ = {
			isa = XCSwiftPackageProductDependency;
			package = C7D39C0E2A61980400903F57 /* XCRemoteSwiftPackageReference "CodeScanner" */;
			productName = CodeScanner;
		};
/* End XCSwiftPackageProductDependency section */
	};
	rootObject = C7ED524B2A36692A00F88DC3 /* Project object */;
}
